
Microsoft Visual Studio Solution File, Format Version 12.00
Project("{FAE04EC0-301F-11D3-BF4B-00C04F79EFBC}") = "AvaloniaTest", "AvaloniaTest\AvaloniaTest.csproj", "{8467A954-FBCD-4C08-AACA-1E9DA204F8DD}"
EndProject
Global
	GlobalSection(SolutionConfigurationPlatforms) = preSolution
		Debug|Any CPU = Debug|Any CPU
		Release|Any CPU = Release|Any CPU
	EndGlobalSection
	GlobalSection(ProjectConfigurationPlatforms) = postSolution
		{8467A954-FBCD-4C08-AACA-1E9DA204F8DD}.Debug|Any CPU.ActiveCfg = Debug|Any CPU
		{8467A954-FBCD-4C08-AACA-1E9DA204F8DD}.Debug|Any CPU.Build.0 = Debug|Any CPU
		{8467A954-FBCD-4C08-AACA-1E9DA204F8DD}.Release|Any CPU.ActiveCfg = Release|Any CPU
		{8467A954-FBCD-4C08-AACA-1E9DA204F8DD}.Release|Any CPU.Build.0 = Release|Any CPU
	EndGlobalSection
EndGlobal
